
Microsoft Visual Studio Solution File, Format Version 12.00
# Visual Studio Version 17
VisualStudioVersion = 17.11.35327.3
MinimumVisualStudioVersion = 10.0.40219.1
Project("{FAE04EC0-301F-11D3-BF4B-00C04F79EFBC}") = "MsFlora", "MsFlora\MsFlora.csproj", "{8425B68A-6581-4B2C-99CF-77C141C7D7EA}"
EndProject
Global
	GlobalSection(SolutionConfigurationPlatforms) = preSolution
		Debug|Any CPU = Debug|Any CPU
		Release|Any CPU = Release|Any CPU
	EndGlobalSection
	GlobalSection(ProjectConfigurationPlatforms) = postSolution
		{8425B68A-6581-4B2C-99CF-77C141C7D7EA}.Debug|Any CPU.ActiveCfg = Debug|Any CPU
		{8425B68A-6581-4B2C-99CF-77C141C7D7EA}.Debug|Any CPU.Build.0 = Debug|Any CPU
		{8425B68A-6581-4B2C-99CF-77C141C7D7EA}.Release|Any CPU.ActiveCfg = Release|Any CPU
		{8425B68A-6581-4B2C-99CF-77C141C7D7EA}.Release|Any CPU.Build.0 = Release|Any CPU
	EndGlobalSection
	GlobalSection(SolutionProperties) = preSolution
		HideSolutionNode = FALSE
	EndGlobalSection
	GlobalSection(ExtensibilityGlobals) = postSolution
		SolutionGuid = {A96B4C13-B2FA-4B1A-A58B-C0FF16157417}
	EndGlobalSection
EndGlobal
